<?xml version="1.0" encoding="utf-8"?>
<Project ToolsVersion="4.0" xmlns="http://schemas.microsoft.com/developer/msbuild/2003">
  <ItemGroup>
    <Filter Include="소스 파일">
      <UniqueIdentifier>{4FC737F1-C7A5-4376-A066-2A32D752A2FF}</UniqueIdentifier>
      <Extensions>cpp;c;cc;cxx;c++;cppm;ixx;def;odl;idl;hpj;bat;asm;asmx</Extensions>
    </Filter>
    <Filter Include="헤더 파일">
      <UniqueIdentifier>{93995380-89BD-4b04-88EB-625FBE52EBFB}</UniqueIdentifier>
      <Extensions>h;hh;hpp;hxx;h++;hm;inl;inc;ipp;xsd</Extensions>
    </Filter>
    <Filter Include="소스 파일\리소스 파일">
      <UniqueIdentifier>{67DA6AB6-F800-4c08-8B7A-83BB121AAD01}</UniqueIdentifier>
      <Extensions>rc;ico;cur;bmp;dlg;rc2;rct;bin;rgs;gif;jpg;jpeg;jpe;resx;tiff;tif;png;wav;mfcribbon-ms</Extensions>
    </Filter>
  </ItemGroup>
  <ItemGroup>
    <ClInclude Include="include\angles.h">
      <Filter>헤더 파일</Filter>
    </ClInclude>
    <ClInclude Include="include\color3.h">
      <Filter>헤더 파일</Filter>
    </ClInclude>
    <ClInclude Include="include\GLApp.h">
      <Filter>헤더 파일</Filter>
    </ClInclude>
    <ClInclude Include="include\glCheck.h">
      <Filter>헤더 파일</Filter>
    </ClInclude>
    <ClInclude Include="include\GLHandle.h">
      <Filter>헤더 파일</Filter>
    </ClInclude>
    <ClInclude Include="include\GLShader.h">
      <Filter>헤더 파일</Filter>
    </ClInclude>
    <ClInclude Include="include\ImGuiHelper.h">
      <Filter>헤더 파일</Filter>
    </ClInclude>
    <ClInclude Include="include\IProgram.h">
      <Filter>헤더 파일</Filter>
    </ClInclude>
    <ClInclude Include="include\mat3.h">
      <Filter>헤더 파일</Filter>
    </ClInclude>
    <ClInclude Include="include\not_null.h">
      <Filter>헤더 파일</Filter>
    </ClInclude>
    <ClInclude Include="include\owner.h">
      <Filter>헤더 파일</Filter>
    </ClInclude>
    <ClInclude Include="include\Random.h">
      <Filter>헤더 파일</Filter>
    </ClInclude>
    <ClInclude Include="include\vec2.h">
      <Filter>헤더 파일</Filter>
    </ClInclude>
    <ClInclude Include="include\vec3.h">
      <Filter>헤더 파일</Filter>
    </ClInclude>
    <ClInclude Include="include\Camera.h">
      <Filter>헤더 파일</Filter>
    </ClInclude>
    <ClInclude Include="include\CameraView.h">
      <Filter>헤더 파일</Filter>
    </ClInclude>
    <ClInclude Include="include\GLIndexBuffer.h">
      <Filter>헤더 파일</Filter>
    </ClInclude>
    <ClInclude Include="include\GLTexture.h">
      <Filter>헤더 파일</Filter>
    </ClInclude>
    <ClInclude Include="include\GLVertexArray.h">
      <Filter>헤더 파일</Filter>
    </ClInclude>
    <ClInclude Include="include\GLVertexBuffer.h">
      <Filter>헤더 파일</Filter>
    </ClInclude>
  </ItemGroup>
  <ItemGroup>
    <ClCompile Include="source\GLApp.cpp">
      <Filter>소스 파일</Filter>
    </ClCompile>
    <ClCompile Include="source\glCheck.cpp">
      <Filter>소스 파일</Filter>
    </ClCompile>
    <ClCompile Include="source\GLShader.cpp">
      <Filter>소스 파일</Filter>
    </ClCompile>
    <ClCompile Include="source\ImGuiHelper.cpp">
      <Filter>소스 파일</Filter>
    </ClCompile>
    <ClCompile Include="source\mat3.cpp">
      <Filter>소스 파일</Filter>
    </ClCompile>
    <ClCompile Include="source\Random.cpp">
      <Filter>소스 파일</Filter>
    </ClCompile>
    <ClCompile Include="source\stb_image_impl.cpp">
      <Filter>소스 파일</Filter>
    </ClCompile>
    <ClCompile Include="source\vec2.cpp">
      <Filter>소스 파일</Filter>
    </ClCompile>
    <ClCompile Include="source\Camera.cpp">
      <Filter>소스 파일</Filter>
    </ClCompile>
    <ClCompile Include="source\CameraView.cpp">
      <Filter>소스 파일</Filter>
    </ClCompile>
    <ClCompile Include="source\GLIndexBuffer.cpp">
      <Filter>소스 파일</Filter>
    </ClCompile>
    <ClCompile Include="source\GLTexture.cpp">
      <Filter>소스 파일</Filter>
    </ClCompile>
    <ClCompile Include="source\GLVertexArray.cpp">
      <Filter>소스 파일</Filter>
    </ClCompile>
    <ClCompile Include="source\GLVertexBuffer.cpp">
      <Filter>소스 파일</Filter>
    </ClCompile>
  </ItemGroup>
</Project>