<?xml version="1.0" encoding="utf-8"?>
<Project ToolsVersion="4.0" xmlns="http://schemas.microsoft.com/developer/msbuild/2003">
  <ItemGroup>
    <ClCompile Include="main.cpp" />
    <ClCompile Include="Game\Coin.cpp">
      <Filter>Game\Source</Filter>
    </ClCompile>
    <ClCompile Include="Engine\Camera.cpp">
      <Filter>Engine\Source</Filter>
    </ClCompile>
    <ClCompile Include="Engine\Collision.cpp">
      <Filter>Engine\Source</Filter>
    </ClCompile>
    <ClCompile Include="Game\DrawMap.cpp">
      <Filter>Game\Source</Filter>
    </ClCompile>
    <ClCompile Include="Engine\Engine.cpp">
      <Filter>Engine\Source</Filter>
    </ClCompile>
    <ClCompile Include="Engine\FIleIO.cpp">
      <Filter>Engine\Source</Filter>
    </ClCompile>
    <ClCompile Include="Engine\Font.cpp">
      <Filter>Engine\Source</Filter>
    </ClCompile>
    <ClCompile Include="Engine\GameObject.cpp">
      <Filter>Engine\Source</Filter>
    </ClCompile>
    <ClCompile Include="Engine\GameObjectManager.cpp">
      <Filter>Engine\Source</Filter>
    </ClCompile>
    <ClCompile Include="Engine\GameStateManager.cpp">
      <Filter>Engine\Source</Filter>
    </ClCompile>
    <ClCompile Include="Engine\HandleOpenGL.cpp">
      <Filter>Engine\Source</Filter>
    </ClCompile>
    <ClCompile Include="Engine\Input.cpp">
      <Filter>Engine\Source</Filter>
    </ClCompile>
    <ClCompile Include="Engine\Input_OpenGL.cpp">
      <Filter>Engine\Source</Filter>
    </ClCompile>
    <ClCompile Include="Engine\Logger.cpp">
      <Filter>Engine\Source</Filter>
    </ClCompile>
    <ClCompile Include="Game\MainScreen.cpp">
      <Filter>Game\Source</Filter>
    </ClCompile>
    <ClCompile Include="Engine\Matrix.cpp">
      <Filter>Engine\Source</Filter>
    </ClCompile>
    <ClCompile Include="Game\Neon.cpp">
      <Filter>Game\Source</Filter>
    </ClCompile>
    <ClCompile Include="Game\Player.cpp">
      <Filter>Game\Source</Filter>
    </ClCompile>
    <ClCompile Include="Engine\NeonObjectManager.cpp">
      <Filter>Engine\Source</Filter>
    </ClCompile>
    <ClCompile Include="Game\Option.cpp">
      <Filter>Game\Source</Filter>
    </ClCompile>
    <ClCompile Include="Game\Special.cpp">
      <Filter>Game\Source</Filter>
    </ClCompile>
    <ClCompile Include="Game\Splash.cpp">
      <Filter>Game\Source</Filter>
    </ClCompile>
    <ClCompile Include="Game\Splash_TeamName.cpp">
      <Filter>Game\Source</Filter>
    </ClCompile>
    <ClCompile Include="Game\Stage1.cpp">
      <Filter>Game\Source</Filter>
    </ClCompile>
    <ClCompile Include="Engine\SFXManager.cpp">
      <Filter>Engine\Source</Filter>
    </ClCompile>
    <ClCompile Include="Game\Score.cpp">
      <Filter>Game\Source</Filter>
    </ClCompile>
    <ClCompile Include="Engine\ShowCollision.cpp">
      <Filter>Engine\Source</Filter>
    </ClCompile>
    <ClCompile Include="Engine\SpriteFont.cpp">
      <Filter>Engine\Source</Filter>
    </ClCompile>
    <ClCompile Include="Engine\TextureManager.cpp">
      <Filter>Engine\Source</Filter>
    </ClCompile>
    <ClCompile Include="Game\Tutorial.cpp">
      <Filter>Game\Source</Filter>
    </ClCompile>
    <ClCompile Include="Engine\Window.cpp">
      <Filter>Engine\Source</Filter>
    </ClCompile>
    <ClCompile Include="Engine\Texture.cpp">
      <Filter>Engine\Source</Filter>
    </ClCompile>
    <ClCompile Include="Game\LoadingScreen.cpp">
      <Filter>Game\Source</Filter>
    </ClCompile>
    <ClCompile Include="Engine\Font_Opengl.cpp">
      <Filter>Engine\Source</Filter>
    </ClCompile>
    <ClCompile Include="Game\MainMenu.cpp">
      <Filter>Game\Source</Filter>
    </ClCompile>
    <ClCompile Include="Game\TestPage2.cpp">
      <Filter>Game\Source</Filter>
    </ClCompile>
    <ClCompile Include="Engine\Sprite.cpp">
      <Filter>Engine\Source</Filter>
    </ClCompile>
    <ClCompile Include="Game\Light.cpp">
      <Filter>Game</Filter>
    </ClCompile>
    <ClCompile Include="Game\Particle.cpp">
      <Filter>Game\Source</Filter>
    </ClCompile>
  </ItemGroup>
  <ItemGroup>
    <ClInclude Include="Game\Coin.h">
      <Filter>Game\include</Filter>
    </ClInclude>
    <ClInclude Include="Engine\angles.h">
      <Filter>Engine\include</Filter>
    </ClInclude>
    <ClInclude Include="Engine\Camera.h">
      <Filter>Engine\include</Filter>
    </ClInclude>
    <ClInclude Include="Engine\Collision.h">
      <Filter>Engine\include</Filter>
    </ClInclude>
    <ClInclude Include="Engine\Component.h">
      <Filter>Engine\include</Filter>
    </ClInclude>
    <ClInclude Include="Engine\ComponentManager.h">
      <Filter>Engine\include</Filter>
    </ClInclude>
    <ClInclude Include="Game\DrawMap.h">
      <Filter>Game\include</Filter>
    </ClInclude>
    <ClInclude Include="Engine\Engine.h">
      <Filter>Engine\include</Filter>
    </ClInclude>
    <ClInclude Include="Engine\FileIO.h">
      <Filter>Engine\include</Filter>
    </ClInclude>
    <ClInclude Include="Engine\Fonts.h">
      <Filter>Engine\include</Filter>
    </ClInclude>
    <ClInclude Include="Engine\Font.h">
      <Filter>Engine\include</Filter>
    </ClInclude>
    <ClInclude Include="Engine\GameObject.h">
      <Filter>Engine\include</Filter>
    </ClInclude>
    <ClInclude Include="Engine\GameObjectManager.h">
      <Filter>Engine\include</Filter>
    </ClInclude>
    <ClInclude Include="Game\GameObjectTypes.h">
      <Filter>Engine\include</Filter>
    </ClInclude>
    <ClInclude Include="Engine\GameState.h">
      <Filter>Engine\include</Filter>
    </ClInclude>
    <ClInclude Include="Engine\GameStateManager.h">
      <Filter>Engine\include</Filter>
    </ClInclude>
    <ClInclude Include="Engine\HandleOpenGL.h">
      <Filter>Engine\include</Filter>
    </ClInclude>
    <ClInclude Include="Engine\Input.h">
      <Filter>Engine\include</Filter>
    </ClInclude>
    <ClInclude Include="Engine\Input_OpenGL.h">
      <Filter>Engine\include</Filter>
    </ClInclude>
    <ClInclude Include="Engine\Logger.h">
      <Filter>Engine\include</Filter>
    </ClInclude>
    <ClInclude Include="Engine\Matrix.h">
      <Filter>Engine\include</Filter>
    </ClInclude>
    <ClInclude Include="Game\MainScreen.h">
      <Filter>Game\include</Filter>
    </ClInclude>
    <ClInclude Include="Game\Neon.h">
      <Filter>Game\include</Filter>
    </ClInclude>
    <ClInclude Include="Game\Player.h">
      <Filter>Game\include</Filter>
    </ClInclude>
    <ClInclude Include="Engine\NeonObjectManager.h">
      <Filter>Engine\include</Filter>
    </ClInclude>
    <ClInclude Include="Engine\SFXManager.h">
      <Filter>Engine\include</Filter>
    </ClInclude>
    <ClInclude Include="Game\Option.h">
      <Filter>Game\include</Filter>
    </ClInclude>
    <ClInclude Include="Game\Score.h">
      <Filter>Game\include</Filter>
    </ClInclude>
    <ClInclude Include="Game\Special.h">
      <Filter>Game\include</Filter>
    </ClInclude>
    <ClInclude Include="Game\Splash.h">
      <Filter>Game\include</Filter>
    </ClInclude>
    <ClInclude Include="Game\Splash_TeamName.h">
      <Filter>Game\include</Filter>
    </ClInclude>
    <ClInclude Include="Engine\Rect.h">
      <Filter>Engine\include</Filter>
    </ClInclude>
    <ClInclude Include="Engine\ShowCollision.h">
      <Filter>Engine\include</Filter>
    </ClInclude>
    <ClInclude Include="Engine\SpriteFont.h">
      <Filter>Engine\include</Filter>
    </ClInclude>
    <ClInclude Include="Engine\TextureManager.h">
      <Filter>Engine\include</Filter>
    </ClInclude>
    <ClInclude Include="Engine\Vec2.h">
      <Filter>Engine\include</Filter>
    </ClInclude>
    <ClInclude Include="Engine\Vec3.h">
      <Filter>Engine\include</Filter>
    </ClInclude>
    <ClInclude Include="Game\Stage1.h">
      <Filter>Game\include</Filter>
    </ClInclude>
    <ClInclude Include="Game\Tutorial.h">
      <Filter>Game\include</Filter>
    </ClInclude>
    <ClInclude Include="Engine\Window.h">
      <Filter>Engine\include</Filter>
    </ClInclude>
    <ClInclude Include="Engine\Texture.h">
      <Filter>Engine\include</Filter>
    </ClInclude>
    <ClInclude Include="Game\LoadingScreen.h">
      <Filter>Game\include</Filter>
    </ClInclude>
    <ClInclude Include="Engine\Font_Opengl.h">
      <Filter>Engine\include</Filter>
    </ClInclude>
    <ClInclude Include="Game\MainMenu.h">
      <Filter>Game\include</Filter>
    </ClInclude>
    <ClInclude Include="Game\TestPage2.h">
      <Filter>Game\include</Filter>
    </ClInclude>
    <ClInclude Include="Engine\Sprite.h">
      <Filter>Engine\include</Filter>
    </ClInclude>
    <ClInclude Include="Game\Light.h">
      <Filter>Game\include</Filter>
    </ClInclude>
    <ClInclude Include="Game\Particle.h">
      <Filter>Game\include</Filter>
    </ClInclude>
  </ItemGroup>
  <ItemGroup>
    <Filter Include="Engine">
      <UniqueIdentifier>{a1715815-0467-41d0-9118-d85d23b831fd}</UniqueIdentifier>
    </Filter>
    <Filter Include="Engine\Source">
      <UniqueIdentifier>{53c5d855-843f-47c8-aea8-f3c89cc7f809}</UniqueIdentifier>
    </Filter>
    <Filter Include="Game">
      <UniqueIdentifier>{e6079abb-4e7a-4dc6-a223-85319caa99e5}</UniqueIdentifier>
    </Filter>
    <Filter Include="Game\include">
      <UniqueIdentifier>{b3175fe7-c6ea-44b5-9fa8-7fe8dc058ffd}</UniqueIdentifier>
    </Filter>
    <Filter Include="Game\Source">
      <UniqueIdentifier>{15c2dca6-4e60-4313-9d12-cbd286d67baa}</UniqueIdentifier>
    </Filter>
    <Filter Include="Engine\include">
      <UniqueIdentifier>{e3a688d7-7694-4d64-90c6-a59c763dea71}</UniqueIdentifier>
    </Filter>
  </ItemGroup>
  <ItemGroup>
    <None Include="Engine\Vec2.inl">
      <Filter>Engine\Source</Filter>
    </None>
  </ItemGroup>
</Project>